{
  "name": "bsdatavalidator",
  "version": "1.0.0",
  "lockfileVersion": 3,
  "requires": true,
  "packages": {
    "": {
      "name": "bsdatavalidator",
      "version": "1.0.0",
      "license": "MIT",
      "dependencies": {
        "bsdatavalidator": "^1.0.0"
      }
    },
    "node_modules/bsdatavalidator": {
      "version": "1.0.0",
      "resolved": "https://registry.npmjs.org/bsdatavalidator/-/bsdatavalidator-1.0.0.tgz",
      "integrity": "sha512-nbhOY1O42n+pmxtg6XfskVRIDEUN6+y+z4HX5rg0ER96z0gOFtNV/j7AjLFlBnAApHlAbJeVQIrYg/gy96wOFw=="
    }
  }
}
